// !$*UTF8*$!
{
	archiveVersion = 1;
	classes = {
	};
	objectVersion = 55;
	objects = {

/* Begin PBXBuildFile section */
		B410617228C69F7300884E16 /* ModeloImage.swift in Sources */ = {isa = PBXBuildFile; fileRef = B410617128C69F7300884E16 /* ModeloImage.swift */; };
		B410617428C6A21A00884E16 /* Stripes.swift in Sources */ = {isa = PBXBuildFile; fileRef = B410617328C6A21A00884E16 /* Stripes.swift */; };
		B410617628C6AC7600884E16 /* ServiceImage.swift in Sources */ = {isa = PBXBuildFile; fileRef = B410617528C6AC7600884E16 /* ServiceImage.swift */; };
		B47BFAAB28D3FA1B001C4F61 /* Details.swift in Sources */ = {isa = PBXBuildFile; fileRef = B47BFAAA28D3FA1B001C4F61 /* Details.swift */; };
		B480A13128D53EC2003C003E /* Pikachu.json in Resources */ = {isa = PBXBuildFile; fileRef = B480A13028D53EC2003C003E /* Pikachu.json */; };
		B480A13328D53F2C003C003E /* utils.swift in Sources */ = {isa = PBXBuildFile; fileRef = B480A13228D53F2C003C003E /* utils.swift */; };
		B486C45928C28D50004651CD /* PokemonViewModel.swift in Sources */ = {isa = PBXBuildFile; fileRef = B486C45828C28D50004651CD /* PokemonViewModel.swift */; };
		B486C45C28C2DCC7004651CD /* PokeDex.swift in Sources */ = {isa = PBXBuildFile; fileRef = B486C45B28C2DCC7004651CD /* PokeDex.swift */; };
		B486C45F28C2E010004651CD /* Kingfisher in Frameworks */ = {isa = PBXBuildFile; productRef = B486C45E28C2E010004651CD /* Kingfisher */; };
		B48AC32C28E4C103000DCA36 /* Func Recursiva.swift in Sources */ = {isa = PBXBuildFile; fileRef = B48AC32B28E4C103000DCA36 /* Func Recursiva.swift */; };
		B492586928D7EEAB0080EA0F /* Stats.swift in Sources */ = {isa = PBXBuildFile; fileRef = B492586828D7EEAB0080EA0F /* Stats.swift */; };
		B4A1D7B728EBE9900001690F /* ServiceGetMissingImagen.swift in Sources */ = {isa = PBXBuildFile; fileRef = B4A1D7B628EBE9900001690F /* ServiceGetMissingImagen.swift */; };
		B4A2CEC528C1AE5100FB1A96 /* PokeAPIApp.swift in Sources */ = {isa = PBXBuildFile; fileRef = B4A2CEC428C1AE5100FB1A96 /* PokeAPIApp.swift */; };
		B4A2CEC728C1AE5100FB1A96 /* ContentView.swift in Sources */ = {isa = PBXBuildFile; fileRef = B4A2CEC628C1AE5100FB1A96 /* ContentView.swift */; };
		B4A2CEC928C1AE5200FB1A96 /* Assets.xcassets in Resources */ = {isa = PBXBuildFile; fileRef = B4A2CEC828C1AE5200FB1A96 /* Assets.xcassets */; };
		B4A2CECC28C1AE5200FB1A96 /* Preview Assets.xcassets in Resources */ = {isa = PBXBuildFile; fileRef = B4A2CECB28C1AE5200FB1A96 /* Preview Assets.xcassets */; };
		B4A2CED428C1D43C00FB1A96 /* Pokemon.swift in Sources */ = {isa = PBXBuildFile; fileRef = B4A2CED328C1D43C00FB1A96 /* Pokemon.swift */; };
		B4A2CED828C1D6F300FB1A96 /* ServicePokemon.swift in Sources */ = {isa = PBXBuildFile; fileRef = B4A2CED728C1D6F300FB1A96 /* ServicePokemon.swift */; };
		B4A2CEDA28C1D77200FB1A96 /* APIError.swift in Sources */ = {isa = PBXBuildFile; fileRef = B4A2CED928C1D77200FB1A96 /* APIError.swift */; };
		B4BB7F8528DE1C1900C07810 /* Evolutions.swift in Sources */ = {isa = PBXBuildFile; fileRef = B4BB7F8428DE1C1900C07810 /* Evolutions.swift */; };
		B4BB7F8728DE564800C07810 /* Species.swift in Sources */ = {isa = PBXBuildFile; fileRef = B4BB7F8628DE564800C07810 /* Species.swift */; };
		B4BB7F8928DE5B0F00C07810 /* CaracterOfPokemon.swift in Sources */ = {isa = PBXBuildFile; fileRef = B4BB7F8828DE5B0F00C07810 /* CaracterOfPokemon.swift */; };
		B4BB7F8B28DEDFA100C07810 /* ChainPokemon.swift in Sources */ = {isa = PBXBuildFile; fileRef = B4BB7F8A28DEDFA100C07810 /* ChainPokemon.swift */; };
		B4BC318D2D72D0DE00CE48F6 /* Launch Screen.storyboard in Resources */ = {isa = PBXBuildFile; fileRef = B4BC318C2D72D0DE00CE48F6 /* Launch Screen.storyboard */; };
		B4D150AA28E24FDB00B06F42 /* especies.swift in Sources */ = {isa = PBXBuildFile; fileRef = B4D150A928E24FDB00B06F42 /* especies.swift */; };
		B4D150AC28E265D200B06F42 /* especiesViewModel.swift in Sources */ = {isa = PBXBuildFile; fileRef = B4D150AB28E265D200B06F42 /* especiesViewModel.swift */; };
		B4D150AE28E27A4700B06F42 /* ServiceChainEvolution.swift in Sources */ = {isa = PBXBuildFile; fileRef = B4D150AD28E27A4700B06F42 /* ServiceChainEvolution.swift */; };
/* End PBXBuildFile section */

/* Begin PBXFileReference section */
		B410617128C69F7300884E16 /* ModeloImage.swift */ = {isa = PBXFileReference; lastKnownFileType = sourcecode.swift; path = ModeloImage.swift; sourceTree = "<group>"; };
		B410617328C6A21A00884E16 /* Stripes.swift */ = {isa = PBXFileReference; lastKnownFileType = sourcecode.swift; path = Stripes.swift; sourceTree = "<group>"; };
		B410617528C6AC7600884E16 /* ServiceImage.swift */ = {isa = PBXFileReference; lastKnownFileType = sourcecode.swift; path = ServiceImage.swift; sourceTree = "<group>"; };
		B47BFAAA28D3FA1B001C4F61 /* Details.swift */ = {isa = PBXFileReference; lastKnownFileType = sourcecode.swift; path = Details.swift; sourceTree = "<group>"; };
		B480A13028D53EC2003C003E /* Pikachu.json */ = {isa = PBXFileReference; lastKnownFileType = text.json; path = Pikachu.json; sourceTree = "<group>"; };
		B480A13228D53F2C003C003E /* utils.swift */ = {isa = PBXFileReference; lastKnownFileType = sourcecode.swift; path = utils.swift; sourceTree = "<group>"; };
		B486C45828C28D50004651CD /* PokemonViewModel.swift */ = {isa = PBXFileReference; lastKnownFileType = sourcecode.swift; path = PokemonViewModel.swift; sourceTree = "<group>"; };
		B486C45B28C2DCC7004651CD /* PokeDex.swift */ = {isa = PBXFileReference; lastKnownFileType = sourcecode.swift; path = PokeDex.swift; sourceTree = "<group>"; };
		B48AC32B28E4C103000DCA36 /* Func Recursiva.swift */ = {isa = PBXFileReference; lastKnownFileType = sourcecode.swift; path = "Func Recursiva.swift"; sourceTree = "<group>"; };
		B492586828D7EEAB0080EA0F /* Stats.swift */ = {isa = PBXFileReference; lastKnownFileType = sourcecode.swift; path = Stats.swift; sourceTree = "<group>"; };
		B4A1D7B628EBE9900001690F /* ServiceGetMissingImagen.swift */ = {isa = PBXFileReference; lastKnownFileType = sourcecode.swift; path = ServiceGetMissingImagen.swift; sourceTree = "<group>"; };
		B4A2CEC128C1AE5100FB1A96 /* PokeAPI.app */ = {isa = PBXFileReference; explicitFileType = wrapper.application; includeInIndex = 0; path = PokeAPI.app; sourceTree = BUILT_PRODUCTS_DIR; };
		B4A2CEC428C1AE5100FB1A96 /* PokeAPIApp.swift */ = {isa = PBXFileReference; lastKnownFileType = sourcecode.swift; path = PokeAPIApp.swift; sourceTree = "<group>"; };
		B4A2CEC628C1AE5100FB1A96 /* ContentView.swift */ = {isa = PBXFileReference; lastKnownFileType = sourcecode.swift; path = ContentView.swift; sourceTree = "<group>"; };
		B4A2CEC828C1AE5200FB1A96 /* Assets.xcassets */ = {isa = PBXFileReference; lastKnownFileType = folder.assetcatalog; path = Assets.xcassets; sourceTree = "<group>"; };
		B4A2CECB28C1AE5200FB1A96 /* Preview Assets.xcassets */ = {isa = PBXFileReference; lastKnownFileType = folder.assetcatalog; path = "Preview Assets.xcassets"; sourceTree = "<group>"; };
		B4A2CED328C1D43C00FB1A96 /* Pokemon.swift */ = {isa = PBXFileReference; lastKnownFileType = sourcecode.swift; path = Pokemon.swift; sourceTree = "<group>"; };
		B4A2CED728C1D6F300FB1A96 /* ServicePokemon.swift */ = {isa = PBXFileReference; lastKnownFileType = sourcecode.swift; path = ServicePokemon.swift; sourceTree = "<group>"; };
		B4A2CED928C1D77200FB1A96 /* APIError.swift */ = {isa = PBXFileReference; lastKnownFileType = sourcecode.swift; path = APIError.swift; sourceTree = "<group>"; };
		B4BB7F8428DE1C1900C07810 /* Evolutions.swift */ = {isa = PBXFileReference; lastKnownFileType = sourcecode.swift; path = Evolutions.swift; sourceTree = "<group>"; };
		B4BB7F8628DE564800C07810 /* Species.swift */ = {isa = PBXFileReference; lastKnownFileType = sourcecode.swift; path = Species.swift; sourceTree = "<group>"; };
		B4BB7F8828DE5B0F00C07810 /* CaracterOfPokemon.swift */ = {isa = PBXFileReference; lastKnownFileType = sourcecode.swift; path = CaracterOfPokemon.swift; sourceTree = "<group>"; };
		B4BB7F8A28DEDFA100C07810 /* ChainPokemon.swift */ = {isa = PBXFileReference; lastKnownFileType = sourcecode.swift; path = ChainPokemon.swift; sourceTree = "<group>"; };
		B4BC318C2D72D0DE00CE48F6 /* Launch Screen.storyboard */ = {isa = PBXFileReference; lastKnownFileType = file.storyboard; path = "Launch Screen.storyboard"; sourceTree = "<group>"; };
		B4BC318E2D72D1F300CE48F6 /* Info.plist */ = {isa = PBXFileReference; lastKnownFileType = text.plist; path = Info.plist; sourceTree = "<group>"; };
		B4D150A928E24FDB00B06F42 /* especies.swift */ = {isa = PBXFileReference; lastKnownFileType = sourcecode.swift; path = especies.swift; sourceTree = "<group>"; };
		B4D150AB28E265D200B06F42 /* especiesViewModel.swift */ = {isa = PBXFileReference; lastKnownFileType = sourcecode.swift; path = especiesViewModel.swift; sourceTree = "<group>"; };
		B4D150AD28E27A4700B06F42 /* ServiceChainEvolution.swift */ = {isa = PBXFileReference; lastKnownFileType = sourcecode.swift; path = ServiceChainEvolution.swift; sourceTree = "<group>"; };
/* End PBXFileReference section */

/* Begin PBXFrameworksBuildPhase section */
		B4A2CEBE28C1AE5100FB1A96 /* Frameworks */ = {
			isa = PBXFrameworksBuildPhase;
			buildActionMask = 2147483647;
			files = (
				B486C45F28C2E010004651CD /* Kingfisher in Frameworks */,
			);
			runOnlyForDeploymentPostprocessing = 0;
		};
/* End PBXFrameworksBuildPhase section */

/* Begin PBXGroup section */
		B480A12F28D53E9E003C003E /* Mocks */ = {
			isa = PBXGroup;
			children = (
				B480A13028D53EC2003C003E /* Pikachu.json */,
			);
			path = Mocks;
			sourceTree = "<group>";
		};
		B486C45A28C2DCAA004651CD /* View */ = {
			isa = PBXGroup;
			children = (
				B486C45B28C2DCC7004651CD /* PokeDex.swift */,
				B47BFAAA28D3FA1B001C4F61 /* Details.swift */,
				B4BB7F8428DE1C1900C07810 /* Evolutions.swift */,
			);
			path = View;
			sourceTree = "<group>";
		};
		B4A2CEB828C1AE5100FB1A96 = {
			isa = PBXGroup;
			children = (
				B4A2CEC328C1AE5100FB1A96 /* PokeAPI */,
				B4A2CEC228C1AE5100FB1A96 /* Products */,
			);
			sourceTree = "<group>";
		};
		B4A2CEC228C1AE5100FB1A96 /* Products */ = {
			isa = PBXGroup;
			children = (
				B4A2CEC128C1AE5100FB1A96 /* PokeAPI.app */,
			);
			name = Products;
			sourceTree = "<group>";
		};
		B4A2CEC328C1AE5100FB1A96 /* PokeAPI */ = {
			isa = PBXGroup;
			children = (
				B4BC318E2D72D1F300CE48F6 /* Info.plist */,
				B480A12F28D53E9E003C003E /* Mocks */,
				B486C45A28C2DCAA004651CD /* View */,
				B4A2CED628C1D61A00FB1A96 /* ViewModel */,
				B4A2CED528C1D60200FB1A96 /* Servicio */,
				B4A2CED228C1D41100FB1A96 /* Modelo */,
				B4A2CEC428C1AE5100FB1A96 /* PokeAPIApp.swift */,
				B4A2CEC628C1AE5100FB1A96 /* ContentView.swift */,
				B4A2CEC828C1AE5200FB1A96 /* Assets.xcassets */,
				B4A2CECA28C1AE5200FB1A96 /* Preview Content */,
				B4A2CED928C1D77200FB1A96 /* APIError.swift */,
				B480A13228D53F2C003C003E /* utils.swift */,
				B48AC32B28E4C103000DCA36 /* Func Recursiva.swift */,
			);
			path = PokeAPI;
			sourceTree = "<group>";
		};
		B4A2CECA28C1AE5200FB1A96 /* Preview Content */ = {
			isa = PBXGroup;
			children = (
				B4A2CECB28C1AE5200FB1A96 /* Preview Assets.xcassets */,
			);
			path = "Preview Content";
			sourceTree = "<group>";
		};
		B4A2CED228C1D41100FB1A96 /* Modelo */ = {
			isa = PBXGroup;
			children = (
				B4A2CED328C1D43C00FB1A96 /* Pokemon.swift */,
				B410617128C69F7300884E16 /* ModeloImage.swift */,
				B410617328C6A21A00884E16 /* Stripes.swift */,
				B492586828D7EEAB0080EA0F /* Stats.swift */,
				B4BB7F8628DE564800C07810 /* Species.swift */,
				B4BB7F8828DE5B0F00C07810 /* CaracterOfPokemon.swift */,
				B4BB7F8A28DEDFA100C07810 /* ChainPokemon.swift */,
			);
			path = Modelo;
			sourceTree = "<group>";
		};
		B4A2CED528C1D60200FB1A96 /* Servicio */ = {
			isa = PBXGroup;
			children = (
				B4A2CED728C1D6F300FB1A96 /* ServicePokemon.swift */,
				B4BC318C2D72D0DE00CE48F6 /* Launch Screen.storyboard */,
				B410617528C6AC7600884E16 /* ServiceImage.swift */,
				B4D150A928E24FDB00B06F42 /* especies.swift */,
				B4D150AD28E27A4700B06F42 /* ServiceChainEvolution.swift */,
				B4A1D7B628EBE9900001690F /* ServiceGetMissingImagen.swift */,
			);
			path = Servicio;
			sourceTree = "<group>";
		};
		B4A2CED628C1D61A00FB1A96 /* ViewModel */ = {
			isa = PBXGroup;
			children = (
				B486C45828C28D50004651CD /* PokemonViewModel.swift */,
				B4D150AB28E265D200B06F42 /* especiesViewModel.swift */,
			);
			path = ViewModel;
			sourceTree = "<group>";
		};
/* End PBXGroup section */

/* Begin PBXNativeTarget section */
		B4A2CEC028C1AE5100FB1A96 /* PokeAPI */ = {
			isa = PBXNativeTarget;
			buildConfigurationList = B4A2CECF28C1AE5200FB1A96 /* Build configuration list for PBXNativeTarget "PokeAPI" */;
			buildPhases = (
				B4A2CEBD28C1AE5100FB1A96 /* Sources */,
				B4A2CEBE28C1AE5100FB1A96 /* Frameworks */,
				B4A2CEBF28C1AE5100FB1A96 /* Resources */,
			);
			buildRules = (
			);
			dependencies = (
			);
			name = PokeAPI;
			packageProductDependencies = (
				B486C45E28C2E010004651CD /* Kingfisher */,
			);
			productName = PokeAPI;
			productReference = B4A2CEC128C1AE5100FB1A96 /* PokeAPI.app */;
			productType = "com.apple.product-type.application";
		};
/* End PBXNativeTarget section */

/* Begin PBXProject section */
		B4A2CEB928C1AE5100FB1A96 /* Project object */ = {
			isa = PBXProject;
			attributes = {
				BuildIndependentTargetsInParallel = 1;
				LastSwiftUpdateCheck = 1340;
				LastUpgradeCheck = 1340;
				TargetAttributes = {
					B4A2CEC028C1AE5100FB1A96 = {
						CreatedOnToolsVersion = 13.4.1;
					};
				};
			};
			buildConfigurationList = B4A2CEBC28C1AE5100FB1A96 /* Build configuration list for PBXProject "PokeAPI" */;
			compatibilityVersion = "Xcode 13.0";
			developmentRegion = en;
			hasScannedForEncodings = 0;
			knownRegions = (
				en,
				Base,
			);
			mainGroup = B4A2CEB828C1AE5100FB1A96;
			packageReferences = (
				B486C45D28C2E010004651CD /* XCRemoteSwiftPackageReference "Kingfisher" */,
			);
			productRefGroup = B4A2CEC228C1AE5100FB1A96 /* Products */;
			projectDirPath = "";
			projectRoot = "";
			targets = (
				B4A2CEC028C1AE5100FB1A96 /* PokeAPI */,
			);
		};
/* End PBXProject section */

/* Begin PBXResourcesBuildPhase section */
		B4A2CEBF28C1AE5100FB1A96 /* Resources */ = {
			isa = PBXResourcesBuildPhase;
			buildActionMask = 2147483647;
			files = (
				B4A2CECC28C1AE5200FB1A96 /* Preview Assets.xcassets in Resources */,
				B480A13128D53EC2003C003E /* Pikachu.json in Resources */,
				B4BC318D2D72D0DE00CE48F6 /* Launch Screen.storyboard in Resources */,
				B4A2CEC928C1AE5200FB1A96 /* Assets.xcassets in Resources */,
			);
			runOnlyForDeploymentPostprocessing = 0;
		};
/* End PBXResourcesBuildPhase section */

/* Begin PBXSourcesBuildPhase section */
		B4A2CEBD28C1AE5100FB1A96 /* Sources */ = {
			isa = PBXSourcesBuildPhase;
			buildActionMask = 2147483647;
			files = (
				B4A2CEC728C1AE5100FB1A96 /* ContentView.swift in Sources */,
				B492586928D7EEAB0080EA0F /* Stats.swift in Sources */,
				B4BB7F8B28DEDFA100C07810 /* ChainPokemon.swift in Sources */,
				B410617428C6A21A00884E16 /* Stripes.swift in Sources */,
				B4BB7F8528DE1C1900C07810 /* Evolutions.swift in Sources */,
				B4A2CED828C1D6F300FB1A96 /* ServicePokemon.swift in Sources */,
				B4BB7F8928DE5B0F00C07810 /* CaracterOfPokemon.swift in Sources */,
				B480A13328D53F2C003C003E /* utils.swift in Sources */,
				B4D150AA28E24FDB00B06F42 /* especies.swift in Sources */,
				B486C45928C28D50004651CD /* PokemonViewModel.swift in Sources */,
				B4A2CEC528C1AE5100FB1A96 /* PokeAPIApp.swift in Sources */,
				B4D150AE28E27A4700B06F42 /* ServiceChainEvolution.swift in Sources */,
				B4A2CEDA28C1D77200FB1A96 /* APIError.swift in Sources */,
				B4D150AC28E265D200B06F42 /* especiesViewModel.swift in Sources */,
				B47BFAAB28D3FA1B001C4F61 /* Details.swift in Sources */,
				B4A2CED428C1D43C00FB1A96 /* Pokemon.swift in Sources */,
				B4A1D7B728EBE9900001690F /* ServiceGetMissingImagen.swift in Sources */,
				B410617628C6AC7600884E16 /* ServiceImage.swift in Sources */,
				B48AC32C28E4C103000DCA36 /* Func Recursiva.swift in Sources */,
				B486C45C28C2DCC7004651CD /* PokeDex.swift in Sources */,
				B4BB7F8728DE564800C07810 /* Species.swift in Sources */,
				B410617228C69F7300884E16 /* ModeloImage.swift in Sources */,
			);
			runOnlyForDeploymentPostprocessing = 0;
		};
/* End PBXSourcesBuildPhase section */

/* Begin XCBuildConfiguration section */
		B4A2CECD28C1AE5200FB1A96 /* Debug */ = {
			isa = XCBuildConfiguration;
			buildSettings = {
				ALWAYS_SEARCH_USER_PATHS = NO;
				CLANG_ANALYZER_NONNULL = YES;
				CLANG_ANALYZER_NUMBER_OBJECT_CONVERSION = YES_AGGRESSIVE;
				CLANG_CXX_LANGUAGE_STANDARD = "gnu++17";
				CLANG_ENABLE_MODULES = YES;
				CLANG_ENABLE_OBJC_ARC = YES;
				CLANG_ENABLE_OBJC_WEAK = YES;
				CLANG_WARN_BLOCK_CAPTURE_AUTORELEASING = YES;
				CLANG_WARN_BOOL_CONVERSION = YES;
				CLANG_WARN_COMMA = YES;
				CLANG_WARN_CONSTANT_CONVERSION = YES;
				CLANG_WARN_DEPRECATED_OBJC_IMPLEMENTATIONS = YES;
				CLANG_WARN_DIRECT_OBJC_ISA_USAGE = YES_ERROR;
				CLANG_WARN_DOCUMENTATION_COMMENTS = YES;
				CLANG_WARN_EMPTY_BODY = YES;
				CLANG_WARN_ENUM_CONVERSION = YES;
				CLANG_WARN_INFINITE_RECURSION = YES;
				CLANG_WARN_INT_CONVERSION = YES;
				CLANG_WARN_NON_LITERAL_NULL_CONVERSION = YES;
				CLANG_WARN_OBJC_IMPLICIT_RETAIN_SELF = YES;
				CLANG_WARN_OBJC_LITERAL_CONVERSION = YES;
				CLANG_WARN_OBJC_ROOT_CLASS = YES_ERROR;
				CLANG_WARN_QUOTED_INCLUDE_IN_FRAMEWORK_HEADER = YES;
				CLANG_WARN_RANGE_LOOP_ANALYSIS = YES;
				CLANG_WARN_STRICT_PROTOTYPES = YES;
				CLANG_WARN_SUSPICIOUS_MOVE = YES;
				CLANG_WARN_UNGUARDED_AVAILABILITY = YES_AGGRESSIVE;
				CLANG_WARN_UNREACHABLE_CODE = YES;
				CLANG_WARN__DUPLICATE_METHOD_MATCH = YES;
				COPY_PHASE_STRIP = NO;
				DEBUG_INFORMATION_FORMAT = dwarf;
				ENABLE_STRICT_OBJC_MSGSEND = YES;
				ENABLE_TESTABILITY = YES;
				GCC_C_LANGUAGE_STANDARD = gnu11;
				GCC_DYNAMIC_NO_PIC = NO;
				GCC_NO_COMMON_BLOCKS = YES;
				GCC_OPTIMIZATION_LEVEL = 0;
				GCC_PREPROCESSOR_DEFINITIONS = (
					"DEBUG=1",
					"$(inherited)",
				);
				GCC_WARN_64_TO_32_BIT_CONVERSION = YES;
				GCC_WARN_ABOUT_RETURN_TYPE = YES_ERROR;
				GCC_WARN_UNDECLARED_SELECTOR = YES;
				GCC_WARN_UNINITIALIZED_AUTOS = YES_AGGRESSIVE;
				GCC_WARN_UNUSED_FUNCTION = YES;
				GCC_WARN_UNUSED_VARIABLE = YES;
				IPHONEOS_DEPLOYMENT_TARGET = 15.5;
				MTL_ENABLE_DEBUG_INFO = INCLUDE_SOURCE;
				MTL_FAST_MATH = YES;
				ONLY_ACTIVE_ARCH = YES;
				SDKROOT = iphoneos;
				SWIFT_ACTIVE_COMPILATION_CONDITIONS = DEBUG;
				SWIFT_OPTIMIZATION_LEVEL = "-Onone";
			};
			name = Debug;
		};
		B4A2CECE28C1AE5200FB1A96 /* Release */ = {
			isa = XCBuildConfiguration;
			buildSettings = {
				ALWAYS_SEARCH_USER_PATHS = NO;
				CLANG_ANALYZER_NONNULL = YES;
				CLANG_ANALYZER_NUMBER_OBJECT_CONVERSION = YES_AGGRESSIVE;
				CLANG_CXX_LANGUAGE_STANDARD = "gnu++17";
				CLANG_ENABLE_MODULES = YES;
				CLANG_ENABLE_OBJC_ARC = YES;
				CLANG_ENABLE_OBJC_WEAK = YES;
				CLANG_WARN_BLOCK_CAPTURE_AUTORELEASING = YES;
				CLANG_WARN_BOOL_CONVERSION = YES;
				CLANG_WARN_COMMA = YES;
				CLANG_WARN_CONSTANT_CONVERSION = YES;
				CLANG_WARN_DEPRECATED_OBJC_IMPLEMENTATIONS = YES;
				CLANG_WARN_DIRECT_OBJC_ISA_USAGE = YES_ERROR;
				CLANG_WARN_DOCUMENTATION_COMMENTS = YES;
				CLANG_WARN_EMPTY_BODY = YES;
				CLANG_WARN_ENUM_CONVERSION = YES;
				CLANG_WARN_INFINITE_RECURSION = YES;
				CLANG_WARN_INT_CONVERSION = YES;
				CLANG_WARN_NON_LITERAL_NULL_CONVERSION = YES;
				CLANG_WARN_OBJC_IMPLICIT_RETAIN_SELF = YES;
				CLANG_WARN_OBJC_LITERAL_CONVERSION = YES;
				CLANG_WARN_OBJC_ROOT_CLASS = YES_ERROR;
				CLANG_WARN_QUOTED_INCLUDE_IN_FRAMEWORK_HEADER = YES;
				CLANG_WARN_RANGE_LOOP_ANALYSIS = YES;
				CLANG_WARN_STRICT_PROTOTYPES = YES;
				CLANG_WARN_SUSPICIOUS_MOVE = YES;
				CLANG_WARN_UNGUARDED_AVAILABILITY = YES_AGGRESSIVE;
				CLANG_WARN_UNREACHABLE_CODE = YES;
				CLANG_WARN__DUPLICATE_METHOD_MATCH = YES;
				COPY_PHASE_STRIP = NO;
				DEBUG_INFORMATION_FORMAT = "dwarf-with-dsym";
				ENABLE_NS_ASSERTIONS = NO;
				ENABLE_STRICT_OBJC_MSGSEND = YES;
				GCC_C_LANGUAGE_STANDARD = gnu11;
				GCC_NO_COMMON_BLOCKS = YES;
				GCC_WARN_64_TO_32_BIT_CONVERSION = YES;
				GCC_WARN_ABOUT_RETURN_TYPE = YES_ERROR;
				GCC_WARN_UNDECLARED_SELECTOR = YES;
				GCC_WARN_UNINITIALIZED_AUTOS = YES_AGGRESSIVE;
				GCC_WARN_UNUSED_FUNCTION = YES;
				GCC_WARN_UNUSED_VARIABLE = YES;
				IPHONEOS_DEPLOYMENT_TARGET = 15.5;
				MTL_ENABLE_DEBUG_INFO = NO;
				MTL_FAST_MATH = YES;
				SDKROOT = iphoneos;
				SWIFT_COMPILATION_MODE = wholemodule;
				SWIFT_OPTIMIZATION_LEVEL = "-O";
				VALIDATE_PRODUCT = YES;
			};
			name = Release;
		};
		B4A2CED028C1AE5200FB1A96 /* Debug */ = {
			isa = XCBuildConfiguration;
			buildSettings = {
				ASSETCATALOG_COMPILER_APPICON_NAME = AppIcon;
				ASSETCATALOG_COMPILER_GLOBAL_ACCENT_COLOR_NAME = AccentColor;
				CODE_SIGN_STYLE = Automatic;
				CURRENT_PROJECT_VERSION = 1;
				DEVELOPMENT_ASSET_PATHS = "\"PokeAPI/Preview Content\"";
				DEVELOPMENT_TEAM = 9SM8FHLJFG;
				ENABLE_PREVIEWS = YES;
				GENERATE_INFOPLIST_FILE = YES;
				INFOPLIST_FILE = PokeAPI/Info.plist;
				INFOPLIST_KEY_UIApplicationSceneManifest_Generation = YES;
				INFOPLIST_KEY_UIApplicationSupportsIndirectInputEvents = YES;
				INFOPLIST_KEY_UILaunchScreen_Generation = YES;
				INFOPLIST_KEY_UISupportedInterfaceOrientations_iPad = "UIInterfaceOrientationPortrait UIInterfaceOrientationPortraitUpsideDown UIInterfaceOrientationLandscapeLeft UIInterfaceOrientationLandscapeRight";
				INFOPLIST_KEY_UISupportedInterfaceOrientations_iPhone = "UIInterfaceOrientationPortrait UIInterfaceOrientationLandscapeLeft UIInterfaceOrientationLandscapeRight";
				LD_RUNPATH_SEARCH_PATHS = (
					"$(inherited)",
					"@executable_path/Frameworks",
				);
				MARKETING_VERSION = 1.0;
				PRODUCT_BUNDLE_IDENTIFIER = "jamadorh91-gmail.com.PokeAPI";
				PRODUCT_NAME = "$(TARGET_NAME)";
				SWIFT_EMIT_LOC_STRINGS = YES;
				SWIFT_VERSION = 5.0;
				TARGETED_DEVICE_FAMILY = "1,2";
			};
			name = Debug;
		};
		B4A2CED128C1AE5200FB1A96 /* Release */ = {
			isa = XCBuildConfiguration;
			buildSettings = {
				ASSETCATALOG_COMPILER_APPICON_NAME = AppIcon;
				ASSETCATALOG_COMPILER_GLOBAL_ACCENT_COLOR_NAME = AccentColor;
				CODE_SIGN_STYLE = Automatic;
				CURRENT_PROJECT_VERSION = 1;
				DEVELOPMENT_ASSET_PATHS = "\"PokeAPI/Preview Content\"";
				DEVELOPMENT_TEAM = 9SM8FHLJFG;
				ENABLE_PREVIEWS = YES;
				GENERATE_INFOPLIST_FILE = YES;
				INFOPLIST_FILE = PokeAPI/Info.plist;
				INFOPLIST_KEY_UIApplicationSceneManifest_Generation = YES;
				INFOPLIST_KEY_UIApplicationSupportsIndirectInputEvents = YES;
				INFOPLIST_KEY_UILaunchScreen_Generation = YES;
				INFOPLIST_KEY_UISupportedInterfaceOrientations_iPad = "UIInterfaceOrientationPortrait UIInterfaceOrientationPortraitUpsideDown UIInterfaceOrientationLandscapeLeft UIInterfaceOrientationLandscapeRight";
				INFOPLIST_KEY_UISupportedInterfaceOrientations_iPhone = "UIInterfaceOrientationPortrait UIInterfaceOrientationLandscapeLeft UIInterfaceOrientationLandscapeRight";
				LD_RUNPATH_SEARCH_PATHS = (
					"$(inherited)",
					"@executable_path/Frameworks",
				);
				MARKETING_VERSION = 1.0;
				PRODUCT_BUNDLE_IDENTIFIER = "jamadorh91-gmail.com.PokeAPI";
				PRODUCT_NAME = "$(TARGET_NAME)";
				SWIFT_EMIT_LOC_STRINGS = YES;
				SWIFT_VERSION = 5.0;
				TARGETED_DEVICE_FAMILY = "1,2";
			};
			name = Release;
		};
/* End XCBuildConfiguration section */

/* Begin XCConfigurationList section */
		B4A2CEBC28C1AE5100FB1A96 /* Build configuration list for PBXProject "PokeAPI" */ = {
			isa = XCConfigurationList;
			buildConfigurations = (
				B4A2CECD28C1AE5200FB1A96 /* Debug */,
				B4A2CECE28C1AE5200FB1A96 /* Release */,
			);
			defaultConfigurationIsVisible = 0;
			defaultConfigurationName = Release;
		};
		B4A2CECF28C1AE5200FB1A96 /* Build configuration list for PBXNativeTarget "PokeAPI" */ = {
			isa = XCConfigurationList;
			buildConfigurations = (
				B4A2CED028C1AE5200FB1A96 /* Debug */,
				B4A2CED128C1AE5200FB1A96 /* Release */,
			);
			defaultConfigurationIsVisible = 0;
			defaultConfigurationName = Release;
		};
/* End XCConfigurationList section */

/* Begin XCRemoteSwiftPackageReference section */
		B486C45D28C2E010004651CD /* XCRemoteSwiftPackageReference "Kingfisher" */ = {
			isa = XCRemoteSwiftPackageReference;
			repositoryURL = "https://github.com/onevcat/Kingfisher";
			requirement = {
				kind = upToNextMajorVersion;
				minimumVersion = 7.0.0;
			};
		};
/* End XCRemoteSwiftPackageReference section */

/* Begin XCSwiftPackageProductDependency section */
		B486C45E28C2E010004651CD /* Kingfisher */ = {
			isa = XCSwiftPackageProductDependency;
			package = B486C45D28C2E010004651CD /* XCRemoteSwiftPackageReference "Kingfisher" */;
			productName = Kingfisher;
		};
/* End XCSwiftPackageProductDependency section */
	};
	rootObject = B4A2CEB928C1AE5100FB1A96 /* Project object */;
}
